// !$*UTF8*$!
{
	archiveVersion = 1;
	classes = {
	};
	objectVersion = 56;
	objects = {

/* Begin PBXBuildFile section */
		000D28DD29E0EF9100B184E9 /* LiveResults.swift in Sources */ = {isa = PBXBuildFile; fileRef = 000D28DC29E0EF9100B184E9 /* LiveResults.swift */; };
		000D28DF29E1201200B184E9 /* LiveResultsWebView.swift in Sources */ = {isa = PBXBuildFile; fileRef = 000D28DE29E1201200B184E9 /* LiveResultsWebView.swift */; };
		000D28E129E122B700B184E9 /* LiveResultsView.swift in Sources */ = {isa = PBXBuildFile; fileRef = 000D28E029E122B700B184E9 /* LiveResultsView.swift */; };
		001A9B9029B075A6007C7BE5 /* HidingScrollView.swift in Sources */ = {isa = PBXBuildFile; fileRef = 001A9B8F29B075A6007C7BE5 /* HidingScrollView.swift */; };
		002A1B3429DB7C4700A26FED /* ProfileHTMLCache.swift in Sources */ = {isa = PBXBuildFile; fileRef = 002A1B3329DB7C4700A26FED /* ProfileHTMLCache.swift */; };
		002A1B7C29DB937C00A26FED /* Meets.xcdatamodeld in Sources */ = {isa = PBXBuildFile; fileRef = 002A1B7A29DB937C00A26FED /* Meets.xcdatamodeld */; };
		002A1B7E29DB93FC00A26FED /* MeetsDataController.swift in Sources */ = {isa = PBXBuildFile; fileRef = 002A1B7D29DB93FC00A26FED /* MeetsDataController.swift */; };
		002A1B8029DB94A400A26FED /* MeetsResultsTestView.swift in Sources */ = {isa = PBXBuildFile; fileRef = 002A1B7F29DB94A400A26FED /* MeetsResultsTestView.swift */; };
		002A1BB629DCF2F900A26FED /* GetTextAsync.swift in Sources */ = {isa = PBXBuildFile; fileRef = 002A1BB529DCF2F900A26FED /* GetTextAsync.swift */; };
		0037877929D4F40900D3CD59 /* Cache.swift in Sources */ = {isa = PBXBuildFile; fileRef = 0037877729D4F40900D3CD59 /* Cache.swift */; };
		0037877A29D4F40900D3CD59 /* ProfileMeetCache.swift in Sources */ = {isa = PBXBuildFile; fileRef = 0037877829D4F40900D3CD59 /* ProfileMeetCache.swift */; };
		0037877C29D4F41800D3CD59 /* MeetParser.swift in Sources */ = {isa = PBXBuildFile; fileRef = 0037877B29D4F41800D3CD59 /* MeetParser.swift */; };
		0037878029D501F600D3CD59 /* ProfileParser.swift in Sources */ = {isa = PBXBuildFile; fileRef = 0037877F29D501F600D3CD59 /* ProfileParser.swift */; };
		0051C9D129E4CEE300C4C9E7 /* PastMeetResults.swift in Sources */ = {isa = PBXBuildFile; fileRef = 0051C9D029E4CEE300C4C9E7 /* PastMeetResults.swift */; };
		0095BD2D29B1491D004D7EFD /* SearchView.swift in Sources */ = {isa = PBXBuildFile; fileRef = 0095BD2C29B1491D004D7EFD /* SearchView.swift */; };
		00A81A3329F455DC00BFAE4E /* LiveResultsParser.swift in Sources */ = {isa = PBXBuildFile; fileRef = 00A81A3229F455DC00BFAE4E /* LiveResultsParser.swift */; };
		00F9665F29AEEF0900F3720B /* FloatingMenuBar.swift in Sources */ = {isa = PBXBuildFile; fileRef = 00F9665E29AEEF0800F3720B /* FloatingMenuBar.swift */; };
		00F9667B29AFDA1500F3720B /* ContentView.swift in Sources */ = {isa = PBXBuildFile; fileRef = 00F9667A29AFDA1500F3720B /* ContentView.swift */; };
		4D09308529D3A1B7003AAA90 /* LoginScreen.swift in Sources */ = {isa = PBXBuildFile; fileRef = 4D09308429D3A1B7003AAA90 /* LoginScreen.swift */; };
		4D1A5C3729CB953300F3DA2B /* SwiftUIWebView.swift in Sources */ = {isa = PBXBuildFile; fileRef = 4D1A5C3629CB953300F3DA2B /* SwiftUIWebView.swift */; };
		4D1A5C3929CCA1B400F3DA2B /* RecordList.swift in Sources */ = {isa = PBXBuildFile; fileRef = 4D1A5C3829CCA1B400F3DA2B /* RecordList.swift */; };
		4D254F1629C0411C0033838D /* HTMLParser.swift in Sources */ = {isa = PBXBuildFile; fileRef = 4D254F1529C0411C0033838D /* HTMLParser.swift */; };
		4D254F1829C107980033838D /* NamesCreator.swift in Sources */ = {isa = PBXBuildFile; fileRef = 4D254F1729C107980033838D /* NamesCreator.swift */; };
		4D254F1C29C113240033838D /* DiveMeetProfileView.swift in Sources */ = {isa = PBXBuildFile; fileRef = 4D254F1B29C113240033838D /* DiveMeetProfileView.swift */; };
		4D74FE9729AE7B9800401178 /* DiveMeetsApp.swift in Sources */ = {isa = PBXBuildFile; fileRef = 4D74FE9629AE7B9800401178 /* DiveMeetsApp.swift */; };
		4D74FE9929AE7B9800401178 /* ProfileView.swift in Sources */ = {isa = PBXBuildFile; fileRef = 4D74FE9829AE7B9800401178 /* ProfileView.swift */; };
		4D74FE9B29AE7B9800401178 /* Assets.xcassets in Resources */ = {isa = PBXBuildFile; fileRef = 4D74FE9A29AE7B9800401178 /* Assets.xcassets */; };
		4D74FE9E29AE7B9800401178 /* Preview Assets.xcassets in Resources */ = {isa = PBXBuildFile; fileRef = 4D74FE9D29AE7B9800401178 /* Preview Assets.xcassets */; };
		4D74FEA529AE7C2B00401178 /* ProfileImage.swift in Sources */ = {isa = PBXBuildFile; fileRef = 4D74FEA429AE7C2B00401178 /* ProfileImage.swift */; };
		4D74FEA929AEA5AD00401178 /* MapView.swift in Sources */ = {isa = PBXBuildFile; fileRef = 4D74FEA829AEA5AD00401178 /* MapView.swift */; };
		4D74FEAB29AEABE900401178 /* BackgroundView.swift in Sources */ = {isa = PBXBuildFile; fileRef = 4D74FEAA29AEABE900401178 /* BackgroundView.swift */; };
		4D74FEAD29AEAE9800401178 /* Profile.swift in Sources */ = {isa = PBXBuildFile; fileRef = 4D74FEAC29AEAE9800401178 /* Profile.swift */; };
		4D74FEAF29AEB02100401178 /* Meet.swift in Sources */ = {isa = PBXBuildFile; fileRef = 4D74FEAE29AEB02100401178 /* Meet.swift */; };
		4D74FEB129AEB3BE00401178 /* MeetData.swift in Sources */ = {isa = PBXBuildFile; fileRef = 4D74FEB029AEB3BE00401178 /* MeetData.swift */; };
		4D74FEBB29AEB57800401178 /* MeetElement.swift in Sources */ = {isa = PBXBuildFile; fileRef = 4D74FEBA29AEB57800401178 /* MeetElement.swift */; };
		4D74FEC029AEBD6F00401178 /* MeetList.swift in Sources */ = {isa = PBXBuildFile; fileRef = 4D74FEBF29AEBD6F00401178 /* MeetList.swift */; };
		4D74FEC229AEBF5500401178 /* meetData.json in Resources */ = {isa = PBXBuildFile; fileRef = 4D74FEC129AEBF5500401178 /* meetData.json */; };
		4D74FEC629AEC95500401178 /* MeetPage.swift in Sources */ = {isa = PBXBuildFile; fileRef = 4D74FEC529AEC95500401178 /* MeetPage.swift */; };
		4DD868ED29F0E69C00FF988D /* keychain-swift.swift in Sources */ = {isa = PBXBuildFile; fileRef = 4DD868EC29F0E69C00FF988D /* keychain-swift.swift */; };
		4DE6CFC329E25A0D00831D1D /* LoginWebView.swift in Sources */ = {isa = PBXBuildFile; fileRef = 4DE6CFC229E25A0D00831D1D /* LoginWebView.swift */; };
		4DEF7D3629BEE796003EAD70 /* SwiftSoup in Frameworks */ = {isa = PBXBuildFile; productRef = 4DEF7D3529BEE796003EAD70 /* SwiftSoup */; };
/* End PBXBuildFile section */

/* Begin PBXFileReference section */
		000D28DC29E0EF9100B184E9 /* LiveResults.swift */ = {isa = PBXFileReference; lastKnownFileType = sourcecode.swift; path = LiveResults.swift; sourceTree = "<group>"; };
		000D28DE29E1201200B184E9 /* LiveResultsWebView.swift */ = {isa = PBXFileReference; lastKnownFileType = sourcecode.swift; path = LiveResultsWebView.swift; sourceTree = "<group>"; };
		000D28E029E122B700B184E9 /* LiveResultsView.swift */ = {isa = PBXFileReference; lastKnownFileType = sourcecode.swift; path = LiveResultsView.swift; sourceTree = "<group>"; };
		001A9B8F29B075A6007C7BE5 /* HidingScrollView.swift */ = {isa = PBXFileReference; lastKnownFileType = sourcecode.swift; path = HidingScrollView.swift; sourceTree = "<group>"; };
		002A1B3329DB7C4700A26FED /* ProfileHTMLCache.swift */ = {isa = PBXFileReference; lastKnownFileType = sourcecode.swift; path = ProfileHTMLCache.swift; sourceTree = "<group>"; };
		002A1B7B29DB937C00A26FED /* PastMeets.xcdatamodel */ = {isa = PBXFileReference; lastKnownFileType = wrapper.xcdatamodel; path = PastMeets.xcdatamodel; sourceTree = "<group>"; };
		002A1B7D29DB93FC00A26FED /* MeetsDataController.swift */ = {isa = PBXFileReference; lastKnownFileType = sourcecode.swift; path = MeetsDataController.swift; sourceTree = "<group>"; };
		002A1B7F29DB94A400A26FED /* MeetsResultsTestView.swift */ = {isa = PBXFileReference; lastKnownFileType = sourcecode.swift; path = MeetsResultsTestView.swift; sourceTree = "<group>"; };
		002A1BB529DCF2F900A26FED /* GetTextAsync.swift */ = {isa = PBXFileReference; lastKnownFileType = sourcecode.swift; path = GetTextAsync.swift; sourceTree = "<group>"; };
		0037877729D4F40900D3CD59 /* Cache.swift */ = {isa = PBXFileReference; fileEncoding = 4; lastKnownFileType = sourcecode.swift; name = Cache.swift; path = DiveMeets/Model/Cache.swift; sourceTree = SOURCE_ROOT; };
		0037877829D4F40900D3CD59 /* ProfileMeetCache.swift */ = {isa = PBXFileReference; fileEncoding = 4; lastKnownFileType = sourcecode.swift; name = ProfileMeetCache.swift; path = DiveMeets/Model/ProfileMeetCache.swift; sourceTree = SOURCE_ROOT; };
		0037877B29D4F41800D3CD59 /* MeetParser.swift */ = {isa = PBXFileReference; fileEncoding = 4; lastKnownFileType = sourcecode.swift; path = MeetParser.swift; sourceTree = "<group>"; };
		0037877F29D501F600D3CD59 /* ProfileParser.swift */ = {isa = PBXFileReference; fileEncoding = 4; lastKnownFileType = sourcecode.swift; path = ProfileParser.swift; sourceTree = "<group>"; };
		0051C9D029E4CEE300C4C9E7 /* PastMeetResults.swift */ = {isa = PBXFileReference; lastKnownFileType = sourcecode.swift; path = PastMeetResults.swift; sourceTree = "<group>"; };
		0095BD2C29B1491D004D7EFD /* SearchView.swift */ = {isa = PBXFileReference; lastKnownFileType = sourcecode.swift; path = SearchView.swift; sourceTree = "<group>"; };
		00A81A3229F455DC00BFAE4E /* LiveResultsParser.swift */ = {isa = PBXFileReference; lastKnownFileType = sourcecode.swift; path = LiveResultsParser.swift; sourceTree = "<group>"; };
		00F9665E29AEEF0800F3720B /* FloatingMenuBar.swift */ = {isa = PBXFileReference; lastKnownFileType = sourcecode.swift; path = FloatingMenuBar.swift; sourceTree = "<group>"; };
		00F9667A29AFDA1500F3720B /* ContentView.swift */ = {isa = PBXFileReference; lastKnownFileType = sourcecode.swift; path = ContentView.swift; sourceTree = "<group>"; };
		4D09308429D3A1B7003AAA90 /* LoginScreen.swift */ = {isa = PBXFileReference; lastKnownFileType = sourcecode.swift; path = LoginScreen.swift; sourceTree = "<group>"; };
		4D1A5C3629CB953300F3DA2B /* SwiftUIWebView.swift */ = {isa = PBXFileReference; fileEncoding = 4; lastKnownFileType = sourcecode.swift; path = SwiftUIWebView.swift; sourceTree = "<group>"; };
		4D1A5C3829CCA1B400F3DA2B /* RecordList.swift */ = {isa = PBXFileReference; fileEncoding = 4; lastKnownFileType = sourcecode.swift; path = RecordList.swift; sourceTree = "<group>"; };
		4D254F1529C0411C0033838D /* HTMLParser.swift */ = {isa = PBXFileReference; lastKnownFileType = sourcecode.swift; path = HTMLParser.swift; sourceTree = "<group>"; };
		4D254F1729C107980033838D /* NamesCreator.swift */ = {isa = PBXFileReference; lastKnownFileType = sourcecode.swift; path = NamesCreator.swift; sourceTree = "<group>"; };
		4D254F1B29C113240033838D /* DiveMeetProfileView.swift */ = {isa = PBXFileReference; lastKnownFileType = sourcecode.swift; path = DiveMeetProfileView.swift; sourceTree = "<group>"; };
		4D74FE9329AE7B9800401178 /* DiveMeets.app */ = {isa = PBXFileReference; explicitFileType = wrapper.application; includeInIndex = 0; path = DiveMeets.app; sourceTree = BUILT_PRODUCTS_DIR; };
		4D74FE9629AE7B9800401178 /* DiveMeetsApp.swift */ = {isa = PBXFileReference; lastKnownFileType = sourcecode.swift; path = DiveMeetsApp.swift; sourceTree = "<group>"; };
		4D74FE9829AE7B9800401178 /* ProfileView.swift */ = {isa = PBXFileReference; lastKnownFileType = sourcecode.swift; path = ProfileView.swift; sourceTree = "<group>"; };
		4D74FE9A29AE7B9800401178 /* Assets.xcassets */ = {isa = PBXFileReference; lastKnownFileType = folder.assetcatalog; path = Assets.xcassets; sourceTree = "<group>"; };
		4D74FE9D29AE7B9800401178 /* Preview Assets.xcassets */ = {isa = PBXFileReference; lastKnownFileType = folder.assetcatalog; path = "Preview Assets.xcassets"; sourceTree = "<group>"; };
		4D74FEA429AE7C2B00401178 /* ProfileImage.swift */ = {isa = PBXFileReference; lastKnownFileType = sourcecode.swift; path = ProfileImage.swift; sourceTree = "<group>"; };
		4D74FEA829AEA5AD00401178 /* MapView.swift */ = {isa = PBXFileReference; lastKnownFileType = sourcecode.swift; path = MapView.swift; sourceTree = "<group>"; };
		4D74FEAA29AEABE900401178 /* BackgroundView.swift */ = {isa = PBXFileReference; lastKnownFileType = sourcecode.swift; path = BackgroundView.swift; sourceTree = "<group>"; };
		4D74FEAC29AEAE9800401178 /* Profile.swift */ = {isa = PBXFileReference; lastKnownFileType = sourcecode.swift; path = Profile.swift; sourceTree = "<group>"; };
		4D74FEAE29AEB02100401178 /* Meet.swift */ = {isa = PBXFileReference; lastKnownFileType = sourcecode.swift; path = Meet.swift; sourceTree = "<group>"; };
		4D74FEB029AEB3BE00401178 /* MeetData.swift */ = {isa = PBXFileReference; lastKnownFileType = sourcecode.swift; path = MeetData.swift; sourceTree = "<group>"; };
		4D74FEBA29AEB57800401178 /* MeetElement.swift */ = {isa = PBXFileReference; lastKnownFileType = sourcecode.swift; path = MeetElement.swift; sourceTree = "<group>"; };
		4D74FEBF29AEBD6F00401178 /* MeetList.swift */ = {isa = PBXFileReference; lastKnownFileType = sourcecode.swift; path = MeetList.swift; sourceTree = "<group>"; };
		4D74FEC129AEBF5500401178 /* meetData.json */ = {isa = PBXFileReference; fileEncoding = 4; lastKnownFileType = text.json; path = meetData.json; sourceTree = "<group>"; };
		4D74FEC529AEC95500401178 /* MeetPage.swift */ = {isa = PBXFileReference; lastKnownFileType = sourcecode.swift; path = MeetPage.swift; sourceTree = "<group>"; };
		4DD868EC29F0E69C00FF988D /* keychain-swift.swift */ = {isa = PBXFileReference; lastKnownFileType = sourcecode.swift; path = "keychain-swift.swift"; sourceTree = "<group>"; };
		4DE6CFC229E25A0D00831D1D /* LoginWebView.swift */ = {isa = PBXFileReference; lastKnownFileType = sourcecode.swift; path = LoginWebView.swift; sourceTree = "<group>"; };
/* End PBXFileReference section */

/* Begin PBXFrameworksBuildPhase section */
		4D74FE9029AE7B9800401178 /* Frameworks */ = {
			isa = PBXFrameworksBuildPhase;
			buildActionMask = 2147483647;
			files = (
				4DEF7D3629BEE796003EAD70 /* SwiftSoup in Frameworks */,
			);
			runOnlyForDeploymentPostprocessing = 0;
		};
/* End PBXFrameworksBuildPhase section */

/* Begin PBXGroup section */
		4D74FE8A29AE7B9800401178 = {
			isa = PBXGroup;
			children = (
				4D74FE9529AE7B9800401178 /* DiveMeets */,
				4D74FE9429AE7B9800401178 /* Products */,
			);
			sourceTree = "<group>";
		};
		4D74FE9429AE7B9800401178 /* Products */ = {
			isa = PBXGroup;
			children = (
				4D74FE9329AE7B9800401178 /* DiveMeets.app */,
			);
			name = Products;
			sourceTree = "<group>";
		};
		4D74FE9529AE7B9800401178 /* DiveMeets */ = {
			isa = PBXGroup;
			children = (
				4D74FE9629AE7B9800401178 /* DiveMeetsApp.swift */,
				4D74FEAC29AEAE9800401178 /* Profile.swift */,
				4D74FEB229AEB47000401178 /* Views */,
				4D74FEB329AEB4B200401178 /* Model */,
				4D74FEB529AEB4CD00401178 /* Resources */,
				4D74FE9A29AE7B9800401178 /* Assets.xcassets */,
				4D74FE9C29AE7B9800401178 /* Preview Content */,
				002A1B7A29DB937C00A26FED /* Meets.xcdatamodeld */,
				002A1B7D29DB93FC00A26FED /* MeetsDataController.swift */,
			);
			path = DiveMeets;
			sourceTree = "<group>";
		};
		4D74FE9C29AE7B9800401178 /* Preview Content */ = {
			isa = PBXGroup;
			children = (
				4D74FE9D29AE7B9800401178 /* Preview Assets.xcassets */,
			);
			path = "Preview Content";
			sourceTree = "<group>";
		};
		4D74FEB229AEB47000401178 /* Views */ = {
			isa = PBXGroup;
			children = (
				4D74FEAA29AEABE900401178 /* BackgroundView.swift */,
				00F9667A29AFDA1500F3720B /* ContentView.swift */,
				4D254F1B29C113240033838D /* DiveMeetProfileView.swift */,
				00F9665E29AEEF0800F3720B /* FloatingMenuBar.swift */,
				001A9B8F29B075A6007C7BE5 /* HidingScrollView.swift */,
				4D254F1529C0411C0033838D /* HTMLParser.swift */,
				00A81A3229F455DC00BFAE4E /* LiveResultsParser.swift */,
				000D28E029E122B700B184E9 /* LiveResultsView.swift */,
				000D28DE29E1201200B184E9 /* LiveResultsWebView.swift */,
				4D74FEA829AEA5AD00401178 /* MapView.swift */,
				4D74FEBA29AEB57800401178 /* MeetElement.swift */,
				4D74FEBF29AEBD6F00401178 /* MeetList.swift */,
				4D74FEC529AEC95500401178 /* MeetPage.swift */,
				0037877B29D4F41800D3CD59 /* MeetParser.swift */,
				002A1B7F29DB94A400A26FED /* MeetsResultsTestView.swift */,
				4D09308429D3A1B7003AAA90 /* LoginScreen.swift */,
				4D254F1729C107980033838D /* NamesCreator.swift */,
				4D74FEA429AE7C2B00401178 /* ProfileImage.swift */,
				0037877F29D501F600D3CD59 /* ProfileParser.swift */,
				4D74FE9829AE7B9800401178 /* ProfileView.swift */,
				4DE6CFC229E25A0D00831D1D /* LoginWebView.swift */,
				4D1A5C3829CCA1B400F3DA2B /* RecordList.swift */,
				0095BD2C29B1491D004D7EFD /* SearchView.swift */,
				4D1A5C3629CB953300F3DA2B /* SwiftUIWebView.swift */,
			);
			path = Views;
			sourceTree = "<group>";
		};
		4D74FEB329AEB4B200401178 /* Model */ = {
			isa = PBXGroup;
			children = (
				0037877729D4F40900D3CD59 /* Cache.swift */,
				002A1BB529DCF2F900A26FED /* GetTextAsync.swift */,
				000D28DC29E0EF9100B184E9 /* LiveResults.swift */,
				4D74FEAE29AEB02100401178 /* Meet.swift */,
				4D74FEB029AEB3BE00401178 /* MeetData.swift */,
				0051C9D029E4CEE300C4C9E7 /* PastMeetResults.swift */,
				002A1B3329DB7C4700A26FED /* ProfileHTMLCache.swift */,
				0037877829D4F40900D3CD59 /* ProfileMeetCache.swift */,
			);
			path = Model;
			sourceTree = "<group>";
		};
		4D74FEB529AEB4CD00401178 /* Resources */ = {
			isa = PBXGroup;
			children = (
				4D74FEC129AEBF5500401178 /* meetData.json */,
				4DD868EC29F0E69C00FF988D /* keychain-swift.swift */,
			);
			path = Resources;
			sourceTree = "<group>";
		};
/* End PBXGroup section */

/* Begin PBXNativeTarget section */
		4D74FE9229AE7B9800401178 /* DiveMeets */ = {
			isa = PBXNativeTarget;
			buildConfigurationList = 4D74FEA129AE7B9800401178 /* Build configuration list for PBXNativeTarget "DiveMeets" */;
			buildPhases = (
				4D74FE8F29AE7B9800401178 /* Sources */,
				4D74FE9029AE7B9800401178 /* Frameworks */,
				4D74FE9129AE7B9800401178 /* Resources */,
			);
			buildRules = (
			);
			dependencies = (
			);
			name = DiveMeets;
			packageProductDependencies = (
				4DEF7D3529BEE796003EAD70 /* SwiftSoup */,
			);
			productName = DiveMeets;
			productReference = 4D74FE9329AE7B9800401178 /* DiveMeets.app */;
			productType = "com.apple.product-type.application";
		};
/* End PBXNativeTarget section */

/* Begin PBXProject section */
		4D74FE8B29AE7B9800401178 /* Project object */ = {
			isa = PBXProject;
			attributes = {
				BuildIndependentTargetsInParallel = 1;
				LastSwiftUpdateCheck = 1420;
				LastUpgradeCheck = 1420;
				TargetAttributes = {
					4D74FE9229AE7B9800401178 = {
						CreatedOnToolsVersion = 14.2;
					};
				};
			};
			buildConfigurationList = 4D74FE8E29AE7B9800401178 /* Build configuration list for PBXProject "DiveMeets" */;
			compatibilityVersion = "Xcode 14.0";
			developmentRegion = en;
			hasScannedForEncodings = 0;
			knownRegions = (
				en,
				Base,
			);
			mainGroup = 4D74FE8A29AE7B9800401178;
			packageReferences = (
				4DEF7D3429BEE796003EAD70 /* XCRemoteSwiftPackageReference "SwiftSoup" */,
			);
			productRefGroup = 4D74FE9429AE7B9800401178 /* Products */;
			projectDirPath = "";
			projectRoot = "";
			targets = (
				4D74FE9229AE7B9800401178 /* DiveMeets */,
			);
		};
/* End PBXProject section */

/* Begin PBXResourcesBuildPhase section */
		4D74FE9129AE7B9800401178 /* Resources */ = {
			isa = PBXResourcesBuildPhase;
			buildActionMask = 2147483647;
			files = (
				4D74FEC229AEBF5500401178 /* meetData.json in Resources */,
				4D74FE9E29AE7B9800401178 /* Preview Assets.xcassets in Resources */,
				4D74FE9B29AE7B9800401178 /* Assets.xcassets in Resources */,
			);
			runOnlyForDeploymentPostprocessing = 0;
		};
/* End PBXResourcesBuildPhase section */

/* Begin PBXSourcesBuildPhase section */
		4D74FE8F29AE7B9800401178 /* Sources */ = {
			isa = PBXSourcesBuildPhase;
			buildActionMask = 2147483647;
			files = (
				00F9667B29AFDA1500F3720B /* ContentView.swift in Sources */,
				4D74FEBB29AEB57800401178 /* MeetElement.swift in Sources */,
				4D74FEAF29AEB02100401178 /* Meet.swift in Sources */,
				4D1A5C3729CB953300F3DA2B /* SwiftUIWebView.swift in Sources */,
				002A1B7E29DB93FC00A26FED /* MeetsDataController.swift in Sources */,
				00A81A3329F455DC00BFAE4E /* LiveResultsParser.swift in Sources */,
				000D28DF29E1201200B184E9 /* LiveResultsWebView.swift in Sources */,
				4D74FEC029AEBD6F00401178 /* MeetList.swift in Sources */,
				4D74FEAB29AEABE900401178 /* BackgroundView.swift in Sources */,
				0051C9D129E4CEE300C4C9E7 /* PastMeetResults.swift in Sources */,
				4D1A5C3929CCA1B400F3DA2B /* RecordList.swift in Sources */,
				0037877929D4F40900D3CD59 /* Cache.swift in Sources */,
				4D74FEC629AEC95500401178 /* MeetPage.swift in Sources */,
				4D74FEAD29AEAE9800401178 /* Profile.swift in Sources */,
				002A1BB629DCF2F900A26FED /* GetTextAsync.swift in Sources */,
				000D28E129E122B700B184E9 /* LiveResultsView.swift in Sources */,
				4D74FE9929AE7B9800401178 /* ProfileView.swift in Sources */,
				002A1B8029DB94A400A26FED /* MeetsResultsTestView.swift in Sources */,
				4D254F1629C0411C0033838D /* HTMLParser.swift in Sources */,
				002A1B7C29DB937C00A26FED /* Meets.xcdatamodeld in Sources */,
				4D09308529D3A1B7003AAA90 /* LoginScreen.swift in Sources */,
				4D74FEA929AEA5AD00401178 /* MapView.swift in Sources */,
				002A1B3429DB7C4700A26FED /* ProfileHTMLCache.swift in Sources */,
				4D74FEA529AE7C2B00401178 /* ProfileImage.swift in Sources */,
				4D254F1C29C113240033838D /* DiveMeetProfileView.swift in Sources */,
				0095BD2D29B1491D004D7EFD /* SearchView.swift in Sources */,
				4D254F1829C107980033838D /* NamesCreator.swift in Sources */,
				0037877C29D4F41800D3CD59 /* MeetParser.swift in Sources */,
				0037877A29D4F40900D3CD59 /* ProfileMeetCache.swift in Sources */,
				4DD868ED29F0E69C00FF988D /* keychain-swift.swift in Sources */,
				4D74FEB129AEB3BE00401178 /* MeetData.swift in Sources */,
				0037878029D501F600D3CD59 /* ProfileParser.swift in Sources */,
				000D28DD29E0EF9100B184E9 /* LiveResults.swift in Sources */,
				001A9B9029B075A6007C7BE5 /* HidingScrollView.swift in Sources */,
				00F9665F29AEEF0900F3720B /* FloatingMenuBar.swift in Sources */,
				4D74FE9729AE7B9800401178 /* DiveMeetsApp.swift in Sources */,
				4DE6CFC329E25A0D00831D1D /* LoginWebView.swift in Sources */,
			);
			runOnlyForDeploymentPostprocessing = 0;
		};
/* End PBXSourcesBuildPhase section */

/* Begin XCBuildConfiguration section */
		4D74FE9F29AE7B9800401178 /* Debug */ = {
			isa = XCBuildConfiguration;
			buildSettings = {
				ALWAYS_SEARCH_USER_PATHS = NO;
				CLANG_ANALYZER_NONNULL = YES;
				CLANG_ANALYZER_NUMBER_OBJECT_CONVERSION = YES_AGGRESSIVE;
				CLANG_CXX_LANGUAGE_STANDARD = "gnu++20";
				CLANG_ENABLE_MODULES = YES;
				CLANG_ENABLE_OBJC_ARC = YES;
				CLANG_ENABLE_OBJC_WEAK = YES;
				CLANG_WARN_BLOCK_CAPTURE_AUTORELEASING = YES;
				CLANG_WARN_BOOL_CONVERSION = YES;
				CLANG_WARN_COMMA = YES;
				CLANG_WARN_CONSTANT_CONVERSION = YES;
				CLANG_WARN_DEPRECATED_OBJC_IMPLEMENTATIONS = YES;
				CLANG_WARN_DIRECT_OBJC_ISA_USAGE = YES_ERROR;
				CLANG_WARN_DOCUMENTATION_COMMENTS = YES;
				CLANG_WARN_EMPTY_BODY = YES;
				CLANG_WARN_ENUM_CONVERSION = YES;
				CLANG_WARN_INFINITE_RECURSION = YES;
				CLANG_WARN_INT_CONVERSION = YES;
				CLANG_WARN_NON_LITERAL_NULL_CONVERSION = YES;
				CLANG_WARN_OBJC_IMPLICIT_RETAIN_SELF = YES;
				CLANG_WARN_OBJC_LITERAL_CONVERSION = YES;
				CLANG_WARN_OBJC_ROOT_CLASS = YES_ERROR;
				CLANG_WARN_QUOTED_INCLUDE_IN_FRAMEWORK_HEADER = YES;
				CLANG_WARN_RANGE_LOOP_ANALYSIS = YES;
				CLANG_WARN_STRICT_PROTOTYPES = YES;
				CLANG_WARN_SUSPICIOUS_MOVE = YES;
				CLANG_WARN_UNGUARDED_AVAILABILITY = YES_AGGRESSIVE;
				CLANG_WARN_UNREACHABLE_CODE = YES;
				CLANG_WARN__DUPLICATE_METHOD_MATCH = YES;
				COPY_PHASE_STRIP = NO;
				DEBUG_INFORMATION_FORMAT = dwarf;
				ENABLE_STRICT_OBJC_MSGSEND = YES;
				ENABLE_TESTABILITY = YES;
				GCC_C_LANGUAGE_STANDARD = gnu11;
				GCC_DYNAMIC_NO_PIC = NO;
				GCC_NO_COMMON_BLOCKS = YES;
				GCC_OPTIMIZATION_LEVEL = 0;
				GCC_PREPROCESSOR_DEFINITIONS = (
					"DEBUG=1",
					"$(inherited)",
				);
				GCC_WARN_64_TO_32_BIT_CONVERSION = YES;
				GCC_WARN_ABOUT_RETURN_TYPE = YES_ERROR;
				GCC_WARN_UNDECLARED_SELECTOR = YES;
				GCC_WARN_UNINITIALIZED_AUTOS = YES_AGGRESSIVE;
				GCC_WARN_UNUSED_FUNCTION = YES;
				GCC_WARN_UNUSED_VARIABLE = YES;
				IPHONEOS_DEPLOYMENT_TARGET = 16.2;
				MTL_ENABLE_DEBUG_INFO = INCLUDE_SOURCE;
				MTL_FAST_MATH = YES;
				ONLY_ACTIVE_ARCH = YES;
				SDKROOT = iphoneos;
				SWIFT_ACTIVE_COMPILATION_CONDITIONS = DEBUG;
				SWIFT_OPTIMIZATION_LEVEL = "-Onone";
			};
			name = Debug;
		};
		4D74FEA029AE7B9800401178 /* Release */ = {
			isa = XCBuildConfiguration;
			buildSettings = {
				ALWAYS_SEARCH_USER_PATHS = NO;
				CLANG_ANALYZER_NONNULL = YES;
				CLANG_ANALYZER_NUMBER_OBJECT_CONVERSION = YES_AGGRESSIVE;
				CLANG_CXX_LANGUAGE_STANDARD = "gnu++20";
				CLANG_ENABLE_MODULES = YES;
				CLANG_ENABLE_OBJC_ARC = YES;
				CLANG_ENABLE_OBJC_WEAK = YES;
				CLANG_WARN_BLOCK_CAPTURE_AUTORELEASING = YES;
				CLANG_WARN_BOOL_CONVERSION = YES;
				CLANG_WARN_COMMA = YES;
				CLANG_WARN_CONSTANT_CONVERSION = YES;
				CLANG_WARN_DEPRECATED_OBJC_IMPLEMENTATIONS = YES;
				CLANG_WARN_DIRECT_OBJC_ISA_USAGE = YES_ERROR;
				CLANG_WARN_DOCUMENTATION_COMMENTS = YES;
				CLANG_WARN_EMPTY_BODY = YES;
				CLANG_WARN_ENUM_CONVERSION = YES;
				CLANG_WARN_INFINITE_RECURSION = YES;
				CLANG_WARN_INT_CONVERSION = YES;
				CLANG_WARN_NON_LITERAL_NULL_CONVERSION = YES;
				CLANG_WARN_OBJC_IMPLICIT_RETAIN_SELF = YES;
				CLANG_WARN_OBJC_LITERAL_CONVERSION = YES;
				CLANG_WARN_OBJC_ROOT_CLASS = YES_ERROR;
				CLANG_WARN_QUOTED_INCLUDE_IN_FRAMEWORK_HEADER = YES;
				CLANG_WARN_RANGE_LOOP_ANALYSIS = YES;
				CLANG_WARN_STRICT_PROTOTYPES = YES;
				CLANG_WARN_SUSPICIOUS_MOVE = YES;
				CLANG_WARN_UNGUARDED_AVAILABILITY = YES_AGGRESSIVE;
				CLANG_WARN_UNREACHABLE_CODE = YES;
				CLANG_WARN__DUPLICATE_METHOD_MATCH = YES;
				COPY_PHASE_STRIP = NO;
				DEBUG_INFORMATION_FORMAT = "dwarf-with-dsym";
				ENABLE_NS_ASSERTIONS = NO;
				ENABLE_STRICT_OBJC_MSGSEND = YES;
				GCC_C_LANGUAGE_STANDARD = gnu11;
				GCC_NO_COMMON_BLOCKS = YES;
				GCC_WARN_64_TO_32_BIT_CONVERSION = YES;
				GCC_WARN_ABOUT_RETURN_TYPE = YES_ERROR;
				GCC_WARN_UNDECLARED_SELECTOR = YES;
				GCC_WARN_UNINITIALIZED_AUTOS = YES_AGGRESSIVE;
				GCC_WARN_UNUSED_FUNCTION = YES;
				GCC_WARN_UNUSED_VARIABLE = YES;
				IPHONEOS_DEPLOYMENT_TARGET = 16.2;
				MTL_ENABLE_DEBUG_INFO = NO;
				MTL_FAST_MATH = YES;
				SDKROOT = iphoneos;
				SWIFT_COMPILATION_MODE = wholemodule;
				SWIFT_OPTIMIZATION_LEVEL = "-O";
				VALIDATE_PRODUCT = YES;
			};
			name = Release;
		};
		4D74FEA229AE7B9800401178 /* Debug */ = {
			isa = XCBuildConfiguration;
			buildSettings = {
				ASSETCATALOG_COMPILER_APPICON_NAME = AppIcon;
				ASSETCATALOG_COMPILER_GLOBAL_ACCENT_COLOR_NAME = AccentColor;
				CODE_SIGN_STYLE = Automatic;
				CURRENT_PROJECT_VERSION = 1;
				DEVELOPMENT_ASSET_PATHS = "\"DiveMeets/Preview Content\"";
				DEVELOPMENT_TEAM = WY8V5FPBV9;
				ENABLE_PREVIEWS = YES;
				GENERATE_INFOPLIST_FILE = YES;
				INFOPLIST_KEY_NSFaceIDUsageDescription = "We are using Face ID to authenticate users when logging into their account, allowing for a more secure and efficient login process.";
				INFOPLIST_KEY_UIApplicationSceneManifest_Generation = YES;
				INFOPLIST_KEY_UIApplicationSupportsIndirectInputEvents = YES;
				INFOPLIST_KEY_UILaunchScreen_Generation = YES;
				INFOPLIST_KEY_UISupportedInterfaceOrientations_iPad = "UIInterfaceOrientationPortrait UIInterfaceOrientationPortraitUpsideDown UIInterfaceOrientationLandscapeLeft UIInterfaceOrientationLandscapeRight";
				INFOPLIST_KEY_UISupportedInterfaceOrientations_iPhone = "UIInterfaceOrientationPortrait UIInterfaceOrientationLandscapeLeft UIInterfaceOrientationLandscapeRight";
				LD_RUNPATH_SEARCH_PATHS = (
					"$(inherited)",
					"@executable_path/Frameworks",
				);
				MARKETING_VERSION = 1.0;
				PRODUCT_BUNDLE_IDENTIFIER = "com.SpencerDearman-LoganSherwin.DiveMeets";
				PRODUCT_NAME = "$(TARGET_NAME)";
				SWIFT_EMIT_LOC_STRINGS = YES;
				SWIFT_VERSION = 5.0;
				TARGETED_DEVICE_FAMILY = "1,2";
			};
			name = Debug;
		};
		4D74FEA329AE7B9800401178 /* Release */ = {
			isa = XCBuildConfiguration;
			buildSettings = {
				ASSETCATALOG_COMPILER_APPICON_NAME = AppIcon;
				ASSETCATALOG_COMPILER_GLOBAL_ACCENT_COLOR_NAME = AccentColor;
				CODE_SIGN_STYLE = Automatic;
				CURRENT_PROJECT_VERSION = 1;
				DEVELOPMENT_ASSET_PATHS = "\"DiveMeets/Preview Content\"";
				DEVELOPMENT_TEAM = WY8V5FPBV9;
				ENABLE_PREVIEWS = YES;
				GENERATE_INFOPLIST_FILE = YES;
				INFOPLIST_KEY_NSFaceIDUsageDescription = "We are using Face ID to authenticate users when logging into their account, allowing for a more secure and efficient login process.";
				INFOPLIST_KEY_UIApplicationSceneManifest_Generation = YES;
				INFOPLIST_KEY_UIApplicationSupportsIndirectInputEvents = YES;
				INFOPLIST_KEY_UILaunchScreen_Generation = YES;
				INFOPLIST_KEY_UISupportedInterfaceOrientations_iPad = "UIInterfaceOrientationPortrait UIInterfaceOrientationPortraitUpsideDown UIInterfaceOrientationLandscapeLeft UIInterfaceOrientationLandscapeRight";
				INFOPLIST_KEY_UISupportedInterfaceOrientations_iPhone = "UIInterfaceOrientationPortrait UIInterfaceOrientationLandscapeLeft UIInterfaceOrientationLandscapeRight";
				LD_RUNPATH_SEARCH_PATHS = (
					"$(inherited)",
					"@executable_path/Frameworks",
				);
				MARKETING_VERSION = 1.0;
				PRODUCT_BUNDLE_IDENTIFIER = "com.SpencerDearman-LoganSherwin.DiveMeets";
				PRODUCT_NAME = "$(TARGET_NAME)";
				SWIFT_EMIT_LOC_STRINGS = YES;
				SWIFT_VERSION = 5.0;
				TARGETED_DEVICE_FAMILY = "1,2";
			};
			name = Release;
		};
/* End XCBuildConfiguration section */

/* Begin XCConfigurationList section */
		4D74FE8E29AE7B9800401178 /* Build configuration list for PBXProject "DiveMeets" */ = {
			isa = XCConfigurationList;
			buildConfigurations = (
				4D74FE9F29AE7B9800401178 /* Debug */,
				4D74FEA029AE7B9800401178 /* Release */,
			);
			defaultConfigurationIsVisible = 0;
			defaultConfigurationName = Release;
		};
		4D74FEA129AE7B9800401178 /* Build configuration list for PBXNativeTarget "DiveMeets" */ = {
			isa = XCConfigurationList;
			buildConfigurations = (
				4D74FEA229AE7B9800401178 /* Debug */,
				4D74FEA329AE7B9800401178 /* Release */,
			);
			defaultConfigurationIsVisible = 0;
			defaultConfigurationName = Release;
		};
/* End XCConfigurationList section */

/* Begin XCRemoteSwiftPackageReference section */
		4DEF7D3429BEE796003EAD70 /* XCRemoteSwiftPackageReference "SwiftSoup" */ = {
			isa = XCRemoteSwiftPackageReference;
			repositoryURL = "https://github.com/scinfu/SwiftSoup";
			requirement = {
				kind = upToNextMajorVersion;
				minimumVersion = 2.0.0;
			};
		};
/* End XCRemoteSwiftPackageReference section */

/* Begin XCSwiftPackageProductDependency section */
		4DEF7D3529BEE796003EAD70 /* SwiftSoup */ = {
			isa = XCSwiftPackageProductDependency;
			package = 4DEF7D3429BEE796003EAD70 /* XCRemoteSwiftPackageReference "SwiftSoup" */;
			productName = SwiftSoup;
		};
/* End XCSwiftPackageProductDependency section */

/* Begin XCVersionGroup section */
		002A1B7A29DB937C00A26FED /* Meets.xcdatamodeld */ = {
			isa = XCVersionGroup;
			children = (
				002A1B7B29DB937C00A26FED /* PastMeets.xcdatamodel */,
			);
			currentVersion = 002A1B7B29DB937C00A26FED /* PastMeets.xcdatamodel */;
			path = Meets.xcdatamodeld;
			sourceTree = "<group>";
			versionGroupType = wrapper.xcdatamodel;
		};
/* End XCVersionGroup section */
	};
	rootObject = 4D74FE8B29AE7B9800401178 /* Project object */;
}
