// !$*UTF8*$!
{
	archiveVersion = 1;
	classes = {
	};
	objectVersion = 56;
	objects = {

/* Begin PBXBuildFile section */
		000D28DD29E0EF9100B184E9 /* LiveResults.swift in Sources */ = {isa = PBXBuildFile; fileRef = 000D28DC29E0EF9100B184E9 /* LiveResults.swift */; };
		000D28DF29E1201200B184E9 /* LiveResultsWebView.swift in Sources */ = {isa = PBXBuildFile; fileRef = 000D28DE29E1201200B184E9 /* LiveResultsWebView.swift */; };
		000D28E129E122B700B184E9 /* LiveResultsView.swift in Sources */ = {isa = PBXBuildFile; fileRef = 000D28E029E122B700B184E9 /* LiveResultsView.swift */; };
		002A1B3429DB7C4700A26FED /* ProfileHTMLCache.swift in Sources */ = {isa = PBXBuildFile; fileRef = 002A1B3329DB7C4700A26FED /* ProfileHTMLCache.swift */; };
		002A1B7C29DB937C00A26FED /* Meets.xcdatamodeld in Sources */ = {isa = PBXBuildFile; fileRef = 002A1B7A29DB937C00A26FED /* Meets.xcdatamodeld */; };
		002A1B7E29DB93FC00A26FED /* MeetsDataController.swift in Sources */ = {isa = PBXBuildFile; fileRef = 002A1B7D29DB93FC00A26FED /* MeetsDataController.swift */; };
		002A1B8029DB94A400A26FED /* MeetDBTestView.swift in Sources */ = {isa = PBXBuildFile; fileRef = 002A1B7F29DB94A400A26FED /* MeetDBTestView.swift */; };
		002A1BB629DCF2F900A26FED /* GetTextAsync.swift in Sources */ = {isa = PBXBuildFile; fileRef = 002A1BB529DCF2F900A26FED /* GetTextAsync.swift */; };
		0037877929D4F40900D3CD59 /* Cache.swift in Sources */ = {isa = PBXBuildFile; fileRef = 0037877729D4F40900D3CD59 /* Cache.swift */; };
		0037877A29D4F40900D3CD59 /* ProfileMeetCache.swift in Sources */ = {isa = PBXBuildFile; fileRef = 0037877829D4F40900D3CD59 /* ProfileMeetCache.swift */; };
		0037877C29D4F41800D3CD59 /* MeetParser.swift in Sources */ = {isa = PBXBuildFile; fileRef = 0037877B29D4F41800D3CD59 /* MeetParser.swift */; };
		0037878029D501F600D3CD59 /* ProfileParser.swift in Sources */ = {isa = PBXBuildFile; fileRef = 0037877F29D501F600D3CD59 /* ProfileParser.swift */; };
		0040A6B72A550C8E004C84BF /* NoStickPicker.swift in Sources */ = {isa = PBXBuildFile; fileRef = 0040A6B62A550C8E004C84BF /* NoStickPicker.swift */; };
		0040A6B92A58E024004C84BF /* SwipeActions.swift in Sources */ = {isa = PBXBuildFile; fileRef = 0040A6B82A58E024004C84BF /* SwipeActions.swift */; };
		0040A6BB2A5BC54C004C84BF /* FinishedLiveResultsView.swift in Sources */ = {isa = PBXBuildFile; fileRef = 0040A6BA2A5BC54C004C84BF /* FinishedLiveResultsView.swift */; };
		0040A6BD2A5BC945004C84BF /* FinishedLiveResultsParser.swift in Sources */ = {isa = PBXBuildFile; fileRef = 0040A6BC2A5BC945004C84BF /* FinishedLiveResultsParser.swift */; };
		0065C5AA2A426D9E0040600E /* TileSwapView.swift in Sources */ = {isa = PBXBuildFile; fileRef = 0065C5A92A426D9E0040600E /* TileSwapView.swift */; };
		0065C5AC2A4377920040600E /* SwipeModifier.swift in Sources */ = {isa = PBXBuildFile; fileRef = 0065C5AB2A4377920040600E /* SwipeModifier.swift */; };
		0069DC5B2A0DC5610096C04B /* ScalingScrollView.swift in Sources */ = {isa = PBXBuildFile; fileRef = 0069DC5A2A0DC5610096C04B /* ScalingScrollView.swift */; };
		006CF0842A02340500E7C2A5 /* TextFieldClearButton.swift in Sources */ = {isa = PBXBuildFile; fileRef = 006CF0832A02340500E7C2A5 /* TextFieldClearButton.swift */; };
		007EAFED2A4B639600061113 /* MovingSplashView.swift in Sources */ = {isa = PBXBuildFile; fileRef = 007EAFEC2A4B639600061113 /* MovingSplashView.swift */; };
		008CB5652A61000400935537 /* NavigationViewBackButton.swift in Sources */ = {isa = PBXBuildFile; fileRef = 008CB5642A61000400935537 /* NavigationViewBackButton.swift */; };
		0095BD2D29B1491D004D7EFD /* SearchView.swift in Sources */ = {isa = PBXBuildFile; fileRef = 0095BD2C29B1491D004D7EFD /* SearchView.swift */; };
		0097478F2A24549A004E7C73 /* MeetPageParser.swift in Sources */ = {isa = PBXBuildFile; fileRef = 0097478E2A24549A004E7C73 /* MeetPageParser.swift */; };
		00D1D58C2A3EA477003E7C13 /* ListOptimizer.swift in Sources */ = {isa = PBXBuildFile; fileRef = 00D1D58B2A3EA477003E7C13 /* ListOptimizer.swift */; };
		00E0D49A2A042A8D00B01D98 /* LoginTextFieldClearButton.swift in Sources */ = {isa = PBXBuildFile; fileRef = 00E0D4992A042A8D00B01D98 /* LoginTextFieldClearButton.swift */; };
		00F1129B2A50EAA900557265 /* MeetScoreCalculator.swift in Sources */ = {isa = PBXBuildFile; fileRef = 00F1129A2A50EAA900557265 /* MeetScoreCalculator.swift */; };
		00F1129D2A51C7A100557265 /* JudgeScoreCalculator.swift in Sources */ = {isa = PBXBuildFile; fileRef = 00F1129C2A51C7A100557265 /* JudgeScoreCalculator.swift */; };
		00F2C3142A25B1B800B1CD01 /* EventParser.swift in Sources */ = {isa = PBXBuildFile; fileRef = 00F2C3132A25B1B800B1CD01 /* EventParser.swift */; };
		00F9665F29AEEF0900F3720B /* FloatingMenuBar.swift in Sources */ = {isa = PBXBuildFile; fileRef = 00F9665E29AEEF0800F3720B /* FloatingMenuBar.swift */; };
		00F9667B29AFDA1500F3720B /* ContentView.swift in Sources */ = {isa = PBXBuildFile; fileRef = 00F9667A29AFDA1500F3720B /* ContentView.swift */; };
		00FEF7B92A2A972800AAFC7C /* EntriesParser.swift in Sources */ = {isa = PBXBuildFile; fileRef = 00FEF7B82A2A972800AAFC7C /* EntriesParser.swift */; };
		00FEF7BB2A2A990900AAFC7C /* EntryPageView.swift in Sources */ = {isa = PBXBuildFile; fileRef = 00FEF7BA2A2A990900AAFC7C /* EntryPageView.swift */; };
		4D09308529D3A1B7003AAA90 /* LoginScreen.swift in Sources */ = {isa = PBXBuildFile; fileRef = 4D09308429D3A1B7003AAA90 /* LoginScreen.swift */; };
		4D1A5C3729CB953300F3DA2B /* SwiftUIWebView.swift in Sources */ = {isa = PBXBuildFile; fileRef = 4D1A5C3629CB953300F3DA2B /* SwiftUIWebView.swift */; };
		4D1A5C3929CCA1B400F3DA2B /* RecordList.swift in Sources */ = {isa = PBXBuildFile; fileRef = 4D1A5C3829CCA1B400F3DA2B /* RecordList.swift */; };
		4D254F1629C0411C0033838D /* HTMLParser.swift in Sources */ = {isa = PBXBuildFile; fileRef = 4D254F1529C0411C0033838D /* HTMLParser.swift */; };
		4D26F43C2A4FEC3200DA0E98 /* SwiftUIWheelPicker.swift in Sources */ = {isa = PBXBuildFile; fileRef = 4D26F43B2A4FEC3200DA0E98 /* SwiftUIWheelPicker.swift */; };
		4D3FD9CF2A5DFAF6003E1FF7 /* SearchBackgroundView.swift in Sources */ = {isa = PBXBuildFile; fileRef = 4D3FD9CE2A5DFAF6003E1FF7 /* SearchBackgroundView.swift */; };
		4D50E7902A29106E009BFBFA /* diveTable.json in Resources */ = {isa = PBXBuildFile; fileRef = 4D50E78F2A29106E009BFBFA /* diveTable.json */; };
		4D50E7922A2939B9009BFBFA /* ToolsMenu.swift in Sources */ = {isa = PBXBuildFile; fileRef = 4D50E7912A2939B9009BFBFA /* ToolsMenu.swift */; };
		4D50E7942A293A22009BFBFA /* DiveTableData.swift in Sources */ = {isa = PBXBuildFile; fileRef = 4D50E7932A293A22009BFBFA /* DiveTableData.swift */; };
		4D50E7962A293DEC009BFBFA /* DiveStatisticsParser.swift in Sources */ = {isa = PBXBuildFile; fileRef = 4D50E7952A293DEC009BFBFA /* DiveStatisticsParser.swift */; };
		4D5220862A49D6EB00D59408 /* ExpandingBubbleView.swift in Sources */ = {isa = PBXBuildFile; fileRef = 4D5220852A49D6EB00D59408 /* ExpandingBubbleView.swift */; };
		4D60E8F92A1737A90011A295 /* ScoringParser.swift in Sources */ = {isa = PBXBuildFile; fileRef = 4D60E8F82A1737A90011A295 /* ScoringParser.swift */; };
		4D74FE9729AE7B9800401178 /* DiveMeetsApp.swift in Sources */ = {isa = PBXBuildFile; fileRef = 4D74FE9629AE7B9800401178 /* DiveMeetsApp.swift */; };
		4D74FE9929AE7B9800401178 /* ProfileView.swift in Sources */ = {isa = PBXBuildFile; fileRef = 4D74FE9829AE7B9800401178 /* ProfileView.swift */; };
		4D74FE9B29AE7B9800401178 /* Assets.xcassets in Resources */ = {isa = PBXBuildFile; fileRef = 4D74FE9A29AE7B9800401178 /* Assets.xcassets */; };
		4D74FE9E29AE7B9800401178 /* Preview Assets.xcassets in Resources */ = {isa = PBXBuildFile; fileRef = 4D74FE9D29AE7B9800401178 /* Preview Assets.xcassets */; };
		4D74FEA529AE7C2B00401178 /* ProfileImage.swift in Sources */ = {isa = PBXBuildFile; fileRef = 4D74FEA429AE7C2B00401178 /* ProfileImage.swift */; };
		4D74FEAF29AEB02100401178 /* Meet.swift in Sources */ = {isa = PBXBuildFile; fileRef = 4D74FEAE29AEB02100401178 /* Meet.swift */; };
		4D74FEC029AEBD6F00401178 /* MeetList.swift in Sources */ = {isa = PBXBuildFile; fileRef = 4D74FEBF29AEBD6F00401178 /* MeetList.swift */; };
		4D74FEC629AEC95500401178 /* MeetPageView.swift in Sources */ = {isa = PBXBuildFile; fileRef = 4D74FEC529AEC95500401178 /* MeetPageView.swift */; };
		4D753DE02A214F640029138B /* EventResultPage.swift in Sources */ = {isa = PBXBuildFile; fileRef = 4D753DDF2A214F640029138B /* EventResultPage.swift */; };
		4D753DE32A2158370029138B /* EventPageParser.swift in Sources */ = {isa = PBXBuildFile; fileRef = 4D753DE22A2158370029138B /* EventPageParser.swift */; };
		4D8B9C1929F8D395002B53AD /* Home.swift in Sources */ = {isa = PBXBuildFile; fileRef = 4D8B9C1829F8D395002B53AD /* Home.swift */; };
		4D8B9C1D29FB4EBD002B53AD /* LoginProfile.swift in Sources */ = {isa = PBXBuildFile; fileRef = 4D8B9C1C29FB4EBD002B53AD /* LoginProfile.swift */; };
		4D9DD09A2A058EF700F6D31C /* Event.swift in Sources */ = {isa = PBXBuildFile; fileRef = 4D9DD0992A058EF700F6D31C /* Event.swift */; };
		4DC2DAF22A422193008CCE5A /* Colors.swift in Sources */ = {isa = PBXBuildFile; fileRef = 4DC2DAF12A422193008CCE5A /* Colors.swift */; };
		4DD868ED29F0E69C00FF988D /* keychain-swift.swift in Sources */ = {isa = PBXBuildFile; fileRef = 4DD868EC29F0E69C00FF988D /* keychain-swift.swift */; };
		4DE6CFC329E25A0D00831D1D /* LoginWebView.swift in Sources */ = {isa = PBXBuildFile; fileRef = 4DE6CFC229E25A0D00831D1D /* LoginWebView.swift */; };
		4DEF7D3629BEE796003EAD70 /* SwiftSoup in Frameworks */ = {isa = PBXBuildFile; productRef = 4DEF7D3529BEE796003EAD70 /* SwiftSoup */; };
/* End PBXBuildFile section */

/* Begin PBXFileReference section */
		000D28DC29E0EF9100B184E9 /* LiveResults.swift */ = {isa = PBXFileReference; lastKnownFileType = sourcecode.swift; path = LiveResults.swift; sourceTree = "<group>"; };
		000D28DE29E1201200B184E9 /* LiveResultsWebView.swift */ = {isa = PBXFileReference; lastKnownFileType = sourcecode.swift; path = LiveResultsWebView.swift; sourceTree = "<group>"; };
		000D28E029E122B700B184E9 /* LiveResultsView.swift */ = {isa = PBXFileReference; lastKnownFileType = sourcecode.swift; path = LiveResultsView.swift; sourceTree = "<group>"; };
		002A1B3329DB7C4700A26FED /* ProfileHTMLCache.swift */ = {isa = PBXFileReference; lastKnownFileType = sourcecode.swift; path = ProfileHTMLCache.swift; sourceTree = "<group>"; };
		002A1B7B29DB937C00A26FED /* PastMeets.xcdatamodel */ = {isa = PBXFileReference; lastKnownFileType = wrapper.xcdatamodel; path = PastMeets.xcdatamodel; sourceTree = "<group>"; };
		002A1B7D29DB93FC00A26FED /* MeetsDataController.swift */ = {isa = PBXFileReference; lastKnownFileType = sourcecode.swift; path = MeetsDataController.swift; sourceTree = "<group>"; };
		002A1B7F29DB94A400A26FED /* MeetDBTestView.swift */ = {isa = PBXFileReference; lastKnownFileType = sourcecode.swift; path = MeetDBTestView.swift; sourceTree = "<group>"; };
		002A1BB529DCF2F900A26FED /* GetTextAsync.swift */ = {isa = PBXFileReference; lastKnownFileType = sourcecode.swift; path = GetTextAsync.swift; sourceTree = "<group>"; };
		0037877729D4F40900D3CD59 /* Cache.swift */ = {isa = PBXFileReference; fileEncoding = 4; lastKnownFileType = sourcecode.swift; name = Cache.swift; path = DiveMeets/Model/Cache.swift; sourceTree = SOURCE_ROOT; };
		0037877829D4F40900D3CD59 /* ProfileMeetCache.swift */ = {isa = PBXFileReference; fileEncoding = 4; lastKnownFileType = sourcecode.swift; name = ProfileMeetCache.swift; path = DiveMeets/Model/ProfileMeetCache.swift; sourceTree = SOURCE_ROOT; };
		0037877B29D4F41800D3CD59 /* MeetParser.swift */ = {isa = PBXFileReference; fileEncoding = 4; lastKnownFileType = sourcecode.swift; path = MeetParser.swift; sourceTree = "<group>"; };
		0037877F29D501F600D3CD59 /* ProfileParser.swift */ = {isa = PBXFileReference; fileEncoding = 4; lastKnownFileType = sourcecode.swift; path = ProfileParser.swift; sourceTree = "<group>"; };
		0040A6B62A550C8E004C84BF /* NoStickPicker.swift */ = {isa = PBXFileReference; lastKnownFileType = sourcecode.swift; path = NoStickPicker.swift; sourceTree = "<group>"; };
		0040A6B82A58E024004C84BF /* SwipeActions.swift */ = {isa = PBXFileReference; lastKnownFileType = sourcecode.swift; path = SwipeActions.swift; sourceTree = "<group>"; };
		0040A6BA2A5BC54C004C84BF /* FinishedLiveResultsView.swift */ = {isa = PBXFileReference; lastKnownFileType = sourcecode.swift; path = FinishedLiveResultsView.swift; sourceTree = "<group>"; };
		0040A6BC2A5BC945004C84BF /* FinishedLiveResultsParser.swift */ = {isa = PBXFileReference; lastKnownFileType = sourcecode.swift; path = FinishedLiveResultsParser.swift; sourceTree = "<group>"; };
		0065C5A92A426D9E0040600E /* TileSwapView.swift */ = {isa = PBXFileReference; lastKnownFileType = sourcecode.swift; path = TileSwapView.swift; sourceTree = "<group>"; };
		0065C5AB2A4377920040600E /* SwipeModifier.swift */ = {isa = PBXFileReference; lastKnownFileType = sourcecode.swift; path = SwipeModifier.swift; sourceTree = "<group>"; };
		0069DC5A2A0DC5610096C04B /* ScalingScrollView.swift */ = {isa = PBXFileReference; lastKnownFileType = sourcecode.swift; path = ScalingScrollView.swift; sourceTree = "<group>"; };
		006CF0832A02340500E7C2A5 /* TextFieldClearButton.swift */ = {isa = PBXFileReference; lastKnownFileType = sourcecode.swift; path = TextFieldClearButton.swift; sourceTree = "<group>"; };
		007EAFEC2A4B639600061113 /* MovingSplashView.swift */ = {isa = PBXFileReference; lastKnownFileType = sourcecode.swift; path = MovingSplashView.swift; sourceTree = "<group>"; };
		008CB5642A61000400935537 /* NavigationViewBackButton.swift */ = {isa = PBXFileReference; lastKnownFileType = sourcecode.swift; path = NavigationViewBackButton.swift; sourceTree = "<group>"; };
		0095BD2C29B1491D004D7EFD /* SearchView.swift */ = {isa = PBXFileReference; lastKnownFileType = sourcecode.swift; path = SearchView.swift; sourceTree = "<group>"; };
		0097478E2A24549A004E7C73 /* MeetPageParser.swift */ = {isa = PBXFileReference; lastKnownFileType = sourcecode.swift; path = MeetPageParser.swift; sourceTree = "<group>"; };
		00D1D58B2A3EA477003E7C13 /* ListOptimizer.swift */ = {isa = PBXFileReference; fileEncoding = 4; lastKnownFileType = sourcecode.swift; path = ListOptimizer.swift; sourceTree = "<group>"; };
		00E0D4992A042A8D00B01D98 /* LoginTextFieldClearButton.swift */ = {isa = PBXFileReference; lastKnownFileType = sourcecode.swift; path = LoginTextFieldClearButton.swift; sourceTree = "<group>"; };
		00F1129A2A50EAA900557265 /* MeetScoreCalculator.swift */ = {isa = PBXFileReference; lastKnownFileType = sourcecode.swift; path = MeetScoreCalculator.swift; sourceTree = "<group>"; };
		00F1129C2A51C7A100557265 /* JudgeScoreCalculator.swift */ = {isa = PBXFileReference; lastKnownFileType = sourcecode.swift; path = JudgeScoreCalculator.swift; sourceTree = "<group>"; };
		00F2C3132A25B1B800B1CD01 /* EventParser.swift */ = {isa = PBXFileReference; fileEncoding = 4; lastKnownFileType = sourcecode.swift; path = EventParser.swift; sourceTree = "<group>"; };
		00F9665E29AEEF0800F3720B /* FloatingMenuBar.swift */ = {isa = PBXFileReference; lastKnownFileType = sourcecode.swift; path = FloatingMenuBar.swift; sourceTree = "<group>"; };
		00F9667A29AFDA1500F3720B /* ContentView.swift */ = {isa = PBXFileReference; lastKnownFileType = sourcecode.swift; path = ContentView.swift; sourceTree = "<group>"; };
		00FEF7B82A2A972800AAFC7C /* EntriesParser.swift */ = {isa = PBXFileReference; fileEncoding = 4; lastKnownFileType = sourcecode.swift; path = EntriesParser.swift; sourceTree = "<group>"; };
		00FEF7BA2A2A990900AAFC7C /* EntryPageView.swift */ = {isa = PBXFileReference; lastKnownFileType = sourcecode.swift; path = EntryPageView.swift; sourceTree = "<group>"; };
		4D09308429D3A1B7003AAA90 /* LoginScreen.swift */ = {isa = PBXFileReference; lastKnownFileType = sourcecode.swift; path = LoginScreen.swift; sourceTree = "<group>"; };
		4D1177C729F88B7000850D18 /* Info.plist */ = {isa = PBXFileReference; fileEncoding = 4; lastKnownFileType = text.plist.xml; path = Info.plist; sourceTree = "<group>"; };
		4D1A5C3629CB953300F3DA2B /* SwiftUIWebView.swift */ = {isa = PBXFileReference; fileEncoding = 4; lastKnownFileType = sourcecode.swift; path = SwiftUIWebView.swift; sourceTree = "<group>"; };
		4D1A5C3829CCA1B400F3DA2B /* RecordList.swift */ = {isa = PBXFileReference; fileEncoding = 4; lastKnownFileType = sourcecode.swift; path = RecordList.swift; sourceTree = "<group>"; };
		4D254F1529C0411C0033838D /* HTMLParser.swift */ = {isa = PBXFileReference; lastKnownFileType = sourcecode.swift; path = HTMLParser.swift; sourceTree = "<group>"; };
		4D26F43B2A4FEC3200DA0E98 /* SwiftUIWheelPicker.swift */ = {isa = PBXFileReference; lastKnownFileType = sourcecode.swift; path = SwiftUIWheelPicker.swift; sourceTree = "<group>"; };
		4D3FD9CE2A5DFAF6003E1FF7 /* SearchBackgroundView.swift */ = {isa = PBXFileReference; lastKnownFileType = sourcecode.swift; path = SearchBackgroundView.swift; sourceTree = "<group>"; };
		4D50E78F2A29106E009BFBFA /* diveTable.json */ = {isa = PBXFileReference; fileEncoding = 4; lastKnownFileType = text.json; path = diveTable.json; sourceTree = "<group>"; };
		4D50E7912A2939B9009BFBFA /* ToolsMenu.swift */ = {isa = PBXFileReference; lastKnownFileType = sourcecode.swift; path = ToolsMenu.swift; sourceTree = "<group>"; };
		4D50E7932A293A22009BFBFA /* DiveTableData.swift */ = {isa = PBXFileReference; lastKnownFileType = sourcecode.swift; path = DiveTableData.swift; sourceTree = "<group>"; };
		4D50E7952A293DEC009BFBFA /* DiveStatisticsParser.swift */ = {isa = PBXFileReference; lastKnownFileType = sourcecode.swift; path = DiveStatisticsParser.swift; sourceTree = "<group>"; };
		4D5220852A49D6EB00D59408 /* ExpandingBubbleView.swift */ = {isa = PBXFileReference; lastKnownFileType = sourcecode.swift; path = ExpandingBubbleView.swift; sourceTree = "<group>"; };
		4D60E8F82A1737A90011A295 /* ScoringParser.swift */ = {isa = PBXFileReference; lastKnownFileType = sourcecode.swift; path = ScoringParser.swift; sourceTree = "<group>"; };
		4D74FE9329AE7B9800401178 /* DiveMeets.app */ = {isa = PBXFileReference; explicitFileType = wrapper.application; includeInIndex = 0; path = DiveMeets.app; sourceTree = BUILT_PRODUCTS_DIR; };
		4D74FE9629AE7B9800401178 /* DiveMeetsApp.swift */ = {isa = PBXFileReference; lastKnownFileType = sourcecode.swift; path = DiveMeetsApp.swift; sourceTree = "<group>"; };
		4D74FE9829AE7B9800401178 /* ProfileView.swift */ = {isa = PBXFileReference; lastKnownFileType = sourcecode.swift; path = ProfileView.swift; sourceTree = "<group>"; };
		4D74FE9A29AE7B9800401178 /* Assets.xcassets */ = {isa = PBXFileReference; lastKnownFileType = folder.assetcatalog; path = Assets.xcassets; sourceTree = "<group>"; };
		4D74FE9D29AE7B9800401178 /* Preview Assets.xcassets */ = {isa = PBXFileReference; lastKnownFileType = folder.assetcatalog; path = "Preview Assets.xcassets"; sourceTree = "<group>"; };
		4D74FEA429AE7C2B00401178 /* ProfileImage.swift */ = {isa = PBXFileReference; lastKnownFileType = sourcecode.swift; path = ProfileImage.swift; sourceTree = "<group>"; };
		4D74FEAE29AEB02100401178 /* Meet.swift */ = {isa = PBXFileReference; lastKnownFileType = sourcecode.swift; path = Meet.swift; sourceTree = "<group>"; };
		4D74FEBF29AEBD6F00401178 /* MeetList.swift */ = {isa = PBXFileReference; lastKnownFileType = sourcecode.swift; path = MeetList.swift; sourceTree = "<group>"; };
		4D74FEC529AEC95500401178 /* MeetPageView.swift */ = {isa = PBXFileReference; lastKnownFileType = sourcecode.swift; path = MeetPageView.swift; sourceTree = "<group>"; };
		4D753DDF2A214F640029138B /* EventResultPage.swift */ = {isa = PBXFileReference; lastKnownFileType = sourcecode.swift; path = EventResultPage.swift; sourceTree = "<group>"; };
		4D753DE22A2158370029138B /* EventPageParser.swift */ = {isa = PBXFileReference; lastKnownFileType = sourcecode.swift; path = EventPageParser.swift; sourceTree = "<group>"; };
		4D8B9C1829F8D395002B53AD /* Home.swift */ = {isa = PBXFileReference; lastKnownFileType = sourcecode.swift; path = Home.swift; sourceTree = "<group>"; };
		4D8B9C1C29FB4EBD002B53AD /* LoginProfile.swift */ = {isa = PBXFileReference; lastKnownFileType = sourcecode.swift; path = LoginProfile.swift; sourceTree = "<group>"; };
		4D9DD0992A058EF700F6D31C /* Event.swift */ = {isa = PBXFileReference; lastKnownFileType = sourcecode.swift; path = Event.swift; sourceTree = "<group>"; };
		4DC2DAF12A422193008CCE5A /* Colors.swift */ = {isa = PBXFileReference; lastKnownFileType = sourcecode.swift; path = Colors.swift; sourceTree = "<group>"; };
		4DC7ACEC29F38828008BBB62 /* DiveMeets.entitlements */ = {isa = PBXFileReference; lastKnownFileType = text.plist.entitlements; path = DiveMeets.entitlements; sourceTree = "<group>"; };
		4DD868EC29F0E69C00FF988D /* keychain-swift.swift */ = {isa = PBXFileReference; lastKnownFileType = sourcecode.swift; path = "keychain-swift.swift"; sourceTree = "<group>"; };
		4DE6CFC229E25A0D00831D1D /* LoginWebView.swift */ = {isa = PBXFileReference; lastKnownFileType = sourcecode.swift; path = LoginWebView.swift; sourceTree = "<group>"; };
/* End PBXFileReference section */

/* Begin PBXFrameworksBuildPhase section */
		4D74FE9029AE7B9800401178 /* Frameworks */ = {
			isa = PBXFrameworksBuildPhase;
			buildActionMask = 2147483647;
			files = (
				4DEF7D3629BEE796003EAD70 /* SwiftSoup in Frameworks */,
			);
			runOnlyForDeploymentPostprocessing = 0;
		};
/* End PBXFrameworksBuildPhase section */

/* Begin PBXGroup section */
		00E7B0AA2A3EBFF8004575F0 /* MeetPages */ = {
			isa = PBXGroup;
			children = (
				00FEF7BA2A2A990900AAFC7C /* EntryPageView.swift */,
				4D74FEC529AEC95500401178 /* MeetPageView.swift */,
			);
			path = MeetPages;
			sourceTree = "<group>";
		};
		4D50E7722A24050E009BFBFA /* Parsers */ = {
			isa = PBXGroup;
			children = (
				4D50E7952A293DEC009BFBFA /* DiveStatisticsParser.swift */,
				00FEF7B82A2A972800AAFC7C /* EntriesParser.swift */,
				4D753DE22A2158370029138B /* EventPageParser.swift */,
				00F2C3132A25B1B800B1CD01 /* EventParser.swift */,
				4D254F1529C0411C0033838D /* HTMLParser.swift */,
				0097478E2A24549A004E7C73 /* MeetPageParser.swift */,
				0037877B29D4F41800D3CD59 /* MeetParser.swift */,
				0037877F29D501F600D3CD59 /* ProfileParser.swift */,
				4D60E8F82A1737A90011A295 /* ScoringParser.swift */,
				0040A6BC2A5BC945004C84BF /* FinishedLiveResultsParser.swift */,
			);
			path = Parsers;
			sourceTree = "<group>";
		};
		4D50E78B2A27148B009BFBFA /* Tools */ = {
			isa = PBXGroup;
			children = (
				00D1D58B2A3EA477003E7C13 /* ListOptimizer.swift */,
				4D50E7912A2939B9009BFBFA /* ToolsMenu.swift */,
				00F1129A2A50EAA900557265 /* MeetScoreCalculator.swift */,
				00F1129C2A51C7A100557265 /* JudgeScoreCalculator.swift */,
			);
			path = Tools;
			sourceTree = "<group>";
		};
		4D74FE8A29AE7B9800401178 = {
			isa = PBXGroup;
			children = (
				4D74FE9529AE7B9800401178 /* DiveMeets */,
				4D74FE9429AE7B9800401178 /* Products */,
			);
			sourceTree = "<group>";
		};
		4D74FE9429AE7B9800401178 /* Products */ = {
			isa = PBXGroup;
			children = (
				4D74FE9329AE7B9800401178 /* DiveMeets.app */,
			);
			name = Products;
			sourceTree = "<group>";
		};
		4D74FE9529AE7B9800401178 /* DiveMeets */ = {
			isa = PBXGroup;
			children = (
				4D1177C729F88B7000850D18 /* Info.plist */,
				4DC7ACEC29F38828008BBB62 /* DiveMeets.entitlements */,
				4D74FE9629AE7B9800401178 /* DiveMeetsApp.swift */,
				4D74FEB229AEB47000401178 /* Views */,
				4D50E7722A24050E009BFBFA /* Parsers */,
				4D74FEB329AEB4B200401178 /* Model */,
				4D74FEB529AEB4CD00401178 /* Resources */,
				4D74FE9A29AE7B9800401178 /* Assets.xcassets */,
				4D74FE9C29AE7B9800401178 /* Preview Content */,
				002A1B7A29DB937C00A26FED /* Meets.xcdatamodeld */,
				002A1B7D29DB93FC00A26FED /* MeetsDataController.swift */,
			);
			path = DiveMeets;
			sourceTree = "<group>";
		};
		4D74FE9C29AE7B9800401178 /* Preview Content */ = {
			isa = PBXGroup;
			children = (
				4D74FE9D29AE7B9800401178 /* Preview Assets.xcassets */,
			);
			path = "Preview Content";
			sourceTree = "<group>";
		};
		4D74FEB229AEB47000401178 /* Views */ = {
			isa = PBXGroup;
			children = (
				4D8B9C1229F898DD002B53AD /* Home */,
				4D50E78B2A27148B009BFBFA /* Tools */,
				4D8B9C1429F89A72002B53AD /* LiveResults */,
				4D8B9C1129F898D5002B53AD /* Login */,
				4D8B9C1329F89A54002B53AD /* Main */,
				00E7B0AA2A3EBFF8004575F0 /* MeetPages */,
				4D8B9C1029F898AD002B53AD /* Search */,
				4D8B9C1529F89A81002B53AD /* Util */,
			);
			path = Views;
			sourceTree = "<group>";
		};
		4D74FEB329AEB4B200401178 /* Model */ = {
			isa = PBXGroup;
			children = (
				0037877729D4F40900D3CD59 /* Cache.swift */,
				002A1BB529DCF2F900A26FED /* GetTextAsync.swift */,
				000D28DC29E0EF9100B184E9 /* LiveResults.swift */,
				4D74FEAE29AEB02100401178 /* Meet.swift */,
				4D50E7932A293A22009BFBFA /* DiveTableData.swift */,
				002A1B3329DB7C4700A26FED /* ProfileHTMLCache.swift */,
				0037877829D4F40900D3CD59 /* ProfileMeetCache.swift */,
			);
			path = Model;
			sourceTree = "<group>";
		};
		4D74FEB529AEB4CD00401178 /* Resources */ = {
			isa = PBXGroup;
			children = (
				4D50E78F2A29106E009BFBFA /* diveTable.json */,
				4DD868EC29F0E69C00FF988D /* keychain-swift.swift */,
				4DC2DAF12A422193008CCE5A /* Colors.swift */,
			);
			path = Resources;
			sourceTree = "<group>";
		};
		4D8B9C1029F898AD002B53AD /* Search */ = {
			isa = PBXGroup;
			children = (
				4D1A5C3829CCA1B400F3DA2B /* RecordList.swift */,
				0095BD2C29B1491D004D7EFD /* SearchView.swift */,
				006CF0832A02340500E7C2A5 /* TextFieldClearButton.swift */,
				4D3FD9CE2A5DFAF6003E1FF7 /* SearchBackgroundView.swift */,
			);
			path = Search;
			sourceTree = "<group>";
		};
		4D8B9C1129F898D5002B53AD /* Login */ = {
			isa = PBXGroup;
			children = (
				4D9DD0992A058EF700F6D31C /* Event.swift */,
				4D753DDF2A214F640029138B /* EventResultPage.swift */,
				4D8B9C1C29FB4EBD002B53AD /* LoginProfile.swift */,
				4D09308429D3A1B7003AAA90 /* LoginScreen.swift */,
				00E0D4992A042A8D00B01D98 /* LoginTextFieldClearButton.swift */,
				4DE6CFC229E25A0D00831D1D /* LoginWebView.swift */,
				4D74FEBF29AEBD6F00401178 /* MeetList.swift */,
				4D74FEA429AE7C2B00401178 /* ProfileImage.swift */,
				4D74FE9829AE7B9800401178 /* ProfileView.swift */,
			);
			path = Login;
			sourceTree = "<group>";
		};
		4D8B9C1229F898DD002B53AD /* Home */ = {
			isa = PBXGroup;
			children = (
				4D8B9C1829F8D395002B53AD /* Home.swift */,
			);
			path = Home;
			sourceTree = "<group>";
		};
		4D8B9C1329F89A54002B53AD /* Main */ = {
			isa = PBXGroup;
			children = (
				00F9667A29AFDA1500F3720B /* ContentView.swift */,
				00F9665E29AEEF0800F3720B /* FloatingMenuBar.swift */,
				007EAFEC2A4B639600061113 /* MovingSplashView.swift */,
			);
			path = Main;
			sourceTree = "<group>";
		};
		4D8B9C1429F89A72002B53AD /* LiveResults */ = {
			isa = PBXGroup;
			children = (
				000D28E029E122B700B184E9 /* LiveResultsView.swift */,
				000D28DE29E1201200B184E9 /* LiveResultsWebView.swift */,
				4D5220852A49D6EB00D59408 /* ExpandingBubbleView.swift */,
				0040A6BA2A5BC54C004C84BF /* FinishedLiveResultsView.swift */,
			);
			path = LiveResults;
			sourceTree = "<group>";
		};
		4D8B9C1529F89A81002B53AD /* Util */ = {
			isa = PBXGroup;
			children = (
				002A1B7F29DB94A400A26FED /* MeetDBTestView.swift */,
				008CB5642A61000400935537 /* NavigationViewBackButton.swift */,
				0040A6B62A550C8E004C84BF /* NoStickPicker.swift */,
				0069DC5A2A0DC5610096C04B /* ScalingScrollView.swift */,
				4D1A5C3629CB953300F3DA2B /* SwiftUIWebView.swift */,
				4D26F43B2A4FEC3200DA0E98 /* SwiftUIWheelPicker.swift */,
				0040A6B82A58E024004C84BF /* SwipeActions.swift */,
				0065C5AB2A4377920040600E /* SwipeModifier.swift */,
				0065C5A92A426D9E0040600E /* TileSwapView.swift */,
			);
			path = Util;
			sourceTree = "<group>";
		};
/* End PBXGroup section */

/* Begin PBXNativeTarget section */
		4D74FE9229AE7B9800401178 /* DiveMeets */ = {
			isa = PBXNativeTarget;
			buildConfigurationList = 4D74FEA129AE7B9800401178 /* Build configuration list for PBXNativeTarget "DiveMeets" */;
			buildPhases = (
				4D74FE8F29AE7B9800401178 /* Sources */,
				4D74FE9029AE7B9800401178 /* Frameworks */,
				4D74FE9129AE7B9800401178 /* Resources */,
			);
			buildRules = (
			);
			dependencies = (
			);
			name = DiveMeets;
			packageProductDependencies = (
				4DEF7D3529BEE796003EAD70 /* SwiftSoup */,
			);
			productName = DiveMeets;
			productReference = 4D74FE9329AE7B9800401178 /* DiveMeets.app */;
			productType = "com.apple.product-type.application";
		};
/* End PBXNativeTarget section */

/* Begin PBXProject section */
		4D74FE8B29AE7B9800401178 /* Project object */ = {
			isa = PBXProject;
			attributes = {
				BuildIndependentTargetsInParallel = 1;
				LastSwiftUpdateCheck = 1420;
				LastUpgradeCheck = 1420;
				TargetAttributes = {
					4D74FE9229AE7B9800401178 = {
						CreatedOnToolsVersion = 14.2;
					};
				};
			};
			buildConfigurationList = 4D74FE8E29AE7B9800401178 /* Build configuration list for PBXProject "DiveMeets" */;
			compatibilityVersion = "Xcode 14.0";
			developmentRegion = en;
			hasScannedForEncodings = 0;
			knownRegions = (
				en,
				Base,
			);
			mainGroup = 4D74FE8A29AE7B9800401178;
			packageReferences = (
				4DEF7D3429BEE796003EAD70 /* XCRemoteSwiftPackageReference "SwiftSoup" */,
			);
			productRefGroup = 4D74FE9429AE7B9800401178 /* Products */;
			projectDirPath = "";
			projectRoot = "";
			targets = (
				4D74FE9229AE7B9800401178 /* DiveMeets */,
			);
		};
/* End PBXProject section */

/* Begin PBXResourcesBuildPhase section */
		4D74FE9129AE7B9800401178 /* Resources */ = {
			isa = PBXResourcesBuildPhase;
			buildActionMask = 2147483647;
			files = (
				4D50E7902A29106E009BFBFA /* diveTable.json in Resources */,
				4D74FE9E29AE7B9800401178 /* Preview Assets.xcassets in Resources */,
				4D74FE9B29AE7B9800401178 /* Assets.xcassets in Resources */,
			);
			runOnlyForDeploymentPostprocessing = 0;
		};
/* End PBXResourcesBuildPhase section */

/* Begin PBXSourcesBuildPhase section */
		4D74FE8F29AE7B9800401178 /* Sources */ = {
			isa = PBXSourcesBuildPhase;
			buildActionMask = 2147483647;
			files = (
				4D3FD9CF2A5DFAF6003E1FF7 /* SearchBackgroundView.swift in Sources */,
				4D753DE32A2158370029138B /* EventPageParser.swift in Sources */,
				0040A6B72A550C8E004C84BF /* NoStickPicker.swift in Sources */,
				4DC2DAF22A422193008CCE5A /* Colors.swift in Sources */,
				00F9667B29AFDA1500F3720B /* ContentView.swift in Sources */,
				4D60E8F92A1737A90011A295 /* ScoringParser.swift in Sources */,
				00F2C3142A25B1B800B1CD01 /* EventParser.swift in Sources */,
				00FEF7BB2A2A990900AAFC7C /* EntryPageView.swift in Sources */,
				4D9DD09A2A058EF700F6D31C /* Event.swift in Sources */,
				4D50E7962A293DEC009BFBFA /* DiveStatisticsParser.swift in Sources */,
				4D8B9C1929F8D395002B53AD /* Home.swift in Sources */,
				4D5220862A49D6EB00D59408 /* ExpandingBubbleView.swift in Sources */,
				00F1129D2A51C7A100557265 /* JudgeScoreCalculator.swift in Sources */,
				4D74FEAF29AEB02100401178 /* Meet.swift in Sources */,
				4D1A5C3729CB953300F3DA2B /* SwiftUIWebView.swift in Sources */,
				002A1B7E29DB93FC00A26FED /* MeetsDataController.swift in Sources */,
				0069DC5B2A0DC5610096C04B /* ScalingScrollView.swift in Sources */,
				000D28DF29E1201200B184E9 /* LiveResultsWebView.swift in Sources */,
				4D74FEC029AEBD6F00401178 /* MeetList.swift in Sources */,
				00FEF7B92A2A972800AAFC7C /* EntriesParser.swift in Sources */,
				4D1A5C3929CCA1B400F3DA2B /* RecordList.swift in Sources */,
				0037877929D4F40900D3CD59 /* Cache.swift in Sources */,
				4D74FEC629AEC95500401178 /* MeetPageView.swift in Sources */,
				002A1BB629DCF2F900A26FED /* GetTextAsync.swift in Sources */,
				000D28E129E122B700B184E9 /* LiveResultsView.swift in Sources */,
				4D74FE9929AE7B9800401178 /* ProfileView.swift in Sources */,
				4D50E7922A2939B9009BFBFA /* ToolsMenu.swift in Sources */,
				002A1B8029DB94A400A26FED /* MeetDBTestView.swift in Sources */,
				4D254F1629C0411C0033838D /* HTMLParser.swift in Sources */,
				002A1B7C29DB937C00A26FED /* Meets.xcdatamodeld in Sources */,
				4D09308529D3A1B7003AAA90 /* LoginScreen.swift in Sources */,
				002A1B3429DB7C4700A26FED /* ProfileHTMLCache.swift in Sources */,
				4D26F43C2A4FEC3200DA0E98 /* SwiftUIWheelPicker.swift in Sources */,
				0040A6B92A58E024004C84BF /* SwipeActions.swift in Sources */,
				006CF0842A02340500E7C2A5 /* TextFieldClearButton.swift in Sources */,
				4D74FEA529AE7C2B00401178 /* ProfileImage.swift in Sources */,
				0040A6BD2A5BC945004C84BF /* FinishedLiveResultsParser.swift in Sources */,
				0097478F2A24549A004E7C73 /* MeetPageParser.swift in Sources */,
				0095BD2D29B1491D004D7EFD /* SearchView.swift in Sources */,
				008CB5652A61000400935537 /* NavigationViewBackButton.swift in Sources */,
				0040A6BB2A5BC54C004C84BF /* FinishedLiveResultsView.swift in Sources */,
				0065C5AA2A426D9E0040600E /* TileSwapView.swift in Sources */,
				4D8B9C1D29FB4EBD002B53AD /* LoginProfile.swift in Sources */,
				007EAFED2A4B639600061113 /* MovingSplashView.swift in Sources */,
				00D1D58C2A3EA477003E7C13 /* ListOptimizer.swift in Sources */,
				4D753DE02A214F640029138B /* EventResultPage.swift in Sources */,
				0037877C29D4F41800D3CD59 /* MeetParser.swift in Sources */,
				0065C5AC2A4377920040600E /* SwipeModifier.swift in Sources */,
				00F1129B2A50EAA900557265 /* MeetScoreCalculator.swift in Sources */,
				0037877A29D4F40900D3CD59 /* ProfileMeetCache.swift in Sources */,
				4DD868ED29F0E69C00FF988D /* keychain-swift.swift in Sources */,
				0037878029D501F600D3CD59 /* ProfileParser.swift in Sources */,
				000D28DD29E0EF9100B184E9 /* LiveResults.swift in Sources */,
				4D50E7942A293A22009BFBFA /* DiveTableData.swift in Sources */,
				00F9665F29AEEF0900F3720B /* FloatingMenuBar.swift in Sources */,
				4D74FE9729AE7B9800401178 /* DiveMeetsApp.swift in Sources */,
				4DE6CFC329E25A0D00831D1D /* LoginWebView.swift in Sources */,
				00E0D49A2A042A8D00B01D98 /* LoginTextFieldClearButton.swift in Sources */,
			);
			runOnlyForDeploymentPostprocessing = 0;
		};
/* End PBXSourcesBuildPhase section */

/* Begin XCBuildConfiguration section */
		4D74FE9F29AE7B9800401178 /* Debug */ = {
			isa = XCBuildConfiguration;
			buildSettings = {
				ALWAYS_SEARCH_USER_PATHS = NO;
				CLANG_ANALYZER_NONNULL = YES;
				CLANG_ANALYZER_NUMBER_OBJECT_CONVERSION = YES_AGGRESSIVE;
				CLANG_CXX_LANGUAGE_STANDARD = "gnu++20";
				CLANG_ENABLE_MODULES = YES;
				CLANG_ENABLE_OBJC_ARC = YES;
				CLANG_ENABLE_OBJC_WEAK = YES;
				CLANG_WARN_BLOCK_CAPTURE_AUTORELEASING = YES;
				CLANG_WARN_BOOL_CONVERSION = YES;
				CLANG_WARN_COMMA = YES;
				CLANG_WARN_CONSTANT_CONVERSION = YES;
				CLANG_WARN_DEPRECATED_OBJC_IMPLEMENTATIONS = YES;
				CLANG_WARN_DIRECT_OBJC_ISA_USAGE = YES_ERROR;
				CLANG_WARN_DOCUMENTATION_COMMENTS = YES;
				CLANG_WARN_EMPTY_BODY = YES;
				CLANG_WARN_ENUM_CONVERSION = YES;
				CLANG_WARN_INFINITE_RECURSION = YES;
				CLANG_WARN_INT_CONVERSION = YES;
				CLANG_WARN_NON_LITERAL_NULL_CONVERSION = YES;
				CLANG_WARN_OBJC_IMPLICIT_RETAIN_SELF = YES;
				CLANG_WARN_OBJC_LITERAL_CONVERSION = YES;
				CLANG_WARN_OBJC_ROOT_CLASS = YES_ERROR;
				CLANG_WARN_QUOTED_INCLUDE_IN_FRAMEWORK_HEADER = YES;
				CLANG_WARN_RANGE_LOOP_ANALYSIS = YES;
				CLANG_WARN_STRICT_PROTOTYPES = YES;
				CLANG_WARN_SUSPICIOUS_MOVE = YES;
				CLANG_WARN_UNGUARDED_AVAILABILITY = YES_AGGRESSIVE;
				CLANG_WARN_UNREACHABLE_CODE = YES;
				CLANG_WARN__DUPLICATE_METHOD_MATCH = YES;
				COPY_PHASE_STRIP = NO;
				DEBUG_INFORMATION_FORMAT = dwarf;
				ENABLE_STRICT_OBJC_MSGSEND = YES;
				ENABLE_TESTABILITY = YES;
				GCC_C_LANGUAGE_STANDARD = gnu11;
				GCC_DYNAMIC_NO_PIC = NO;
				GCC_NO_COMMON_BLOCKS = YES;
				GCC_OPTIMIZATION_LEVEL = 0;
				GCC_PREPROCESSOR_DEFINITIONS = (
					"DEBUG=1",
					"$(inherited)",
				);
				GCC_WARN_64_TO_32_BIT_CONVERSION = YES;
				GCC_WARN_ABOUT_RETURN_TYPE = YES_ERROR;
				GCC_WARN_UNDECLARED_SELECTOR = YES;
				GCC_WARN_UNINITIALIZED_AUTOS = YES_AGGRESSIVE;
				GCC_WARN_UNUSED_FUNCTION = YES;
				GCC_WARN_UNUSED_VARIABLE = YES;
				IPHONEOS_DEPLOYMENT_TARGET = 16.2;
				MTL_ENABLE_DEBUG_INFO = INCLUDE_SOURCE;
				MTL_FAST_MATH = YES;
				ONLY_ACTIVE_ARCH = YES;
				SDKROOT = iphoneos;
				SWIFT_ACTIVE_COMPILATION_CONDITIONS = DEBUG;
				SWIFT_OPTIMIZATION_LEVEL = "-Onone";
			};
			name = Debug;
		};
		4D74FEA029AE7B9800401178 /* Release */ = {
			isa = XCBuildConfiguration;
			buildSettings = {
				ALWAYS_SEARCH_USER_PATHS = NO;
				CLANG_ANALYZER_NONNULL = YES;
				CLANG_ANALYZER_NUMBER_OBJECT_CONVERSION = YES_AGGRESSIVE;
				CLANG_CXX_LANGUAGE_STANDARD = "gnu++20";
				CLANG_ENABLE_MODULES = YES;
				CLANG_ENABLE_OBJC_ARC = YES;
				CLANG_ENABLE_OBJC_WEAK = YES;
				CLANG_WARN_BLOCK_CAPTURE_AUTORELEASING = YES;
				CLANG_WARN_BOOL_CONVERSION = YES;
				CLANG_WARN_COMMA = YES;
				CLANG_WARN_CONSTANT_CONVERSION = YES;
				CLANG_WARN_DEPRECATED_OBJC_IMPLEMENTATIONS = YES;
				CLANG_WARN_DIRECT_OBJC_ISA_USAGE = YES_ERROR;
				CLANG_WARN_DOCUMENTATION_COMMENTS = YES;
				CLANG_WARN_EMPTY_BODY = YES;
				CLANG_WARN_ENUM_CONVERSION = YES;
				CLANG_WARN_INFINITE_RECURSION = YES;
				CLANG_WARN_INT_CONVERSION = YES;
				CLANG_WARN_NON_LITERAL_NULL_CONVERSION = YES;
				CLANG_WARN_OBJC_IMPLICIT_RETAIN_SELF = YES;
				CLANG_WARN_OBJC_LITERAL_CONVERSION = YES;
				CLANG_WARN_OBJC_ROOT_CLASS = YES_ERROR;
				CLANG_WARN_QUOTED_INCLUDE_IN_FRAMEWORK_HEADER = YES;
				CLANG_WARN_RANGE_LOOP_ANALYSIS = YES;
				CLANG_WARN_STRICT_PROTOTYPES = YES;
				CLANG_WARN_SUSPICIOUS_MOVE = YES;
				CLANG_WARN_UNGUARDED_AVAILABILITY = YES_AGGRESSIVE;
				CLANG_WARN_UNREACHABLE_CODE = YES;
				CLANG_WARN__DUPLICATE_METHOD_MATCH = YES;
				COPY_PHASE_STRIP = NO;
				DEBUG_INFORMATION_FORMAT = "dwarf-with-dsym";
				ENABLE_NS_ASSERTIONS = NO;
				ENABLE_STRICT_OBJC_MSGSEND = YES;
				GCC_C_LANGUAGE_STANDARD = gnu11;
				GCC_NO_COMMON_BLOCKS = YES;
				GCC_WARN_64_TO_32_BIT_CONVERSION = YES;
				GCC_WARN_ABOUT_RETURN_TYPE = YES_ERROR;
				GCC_WARN_UNDECLARED_SELECTOR = YES;
				GCC_WARN_UNINITIALIZED_AUTOS = YES_AGGRESSIVE;
				GCC_WARN_UNUSED_FUNCTION = YES;
				GCC_WARN_UNUSED_VARIABLE = YES;
				IPHONEOS_DEPLOYMENT_TARGET = 16.2;
				MTL_ENABLE_DEBUG_INFO = NO;
				MTL_FAST_MATH = YES;
				SDKROOT = iphoneos;
				SWIFT_COMPILATION_MODE = wholemodule;
				SWIFT_OPTIMIZATION_LEVEL = "-O";
				VALIDATE_PRODUCT = YES;
			};
			name = Release;
		};
		4D74FEA229AE7B9800401178 /* Debug */ = {
			isa = XCBuildConfiguration;
			buildSettings = {
				ASSETCATALOG_COMPILER_APPICON_NAME = AppIcon;
				ASSETCATALOG_COMPILER_GLOBAL_ACCENT_COLOR_NAME = AccentColor;
				CODE_SIGN_ENTITLEMENTS = DiveMeets/DiveMeets.entitlements;
				CODE_SIGN_IDENTITY = "Apple Development";
				CODE_SIGN_STYLE = Automatic;
				CURRENT_PROJECT_VERSION = 1;
				DEVELOPMENT_ASSET_PATHS = "\"DiveMeets/Preview Content\"";
				DEVELOPMENT_TEAM = UCV4CFXWW3;
				ENABLE_PREVIEWS = YES;
				GENERATE_INFOPLIST_FILE = YES;
				INFOPLIST_FILE = DiveMeets/Info.plist;
				INFOPLIST_KEY_NSFaceIDUsageDescription = "We are using Face ID to authenticate users when logging into their account, allowing for a more secure and efficient login process.";
				INFOPLIST_KEY_UIApplicationSupportsIndirectInputEvents = YES;
				INFOPLIST_KEY_UILaunchScreen_Generation = YES;
				INFOPLIST_KEY_UISupportedInterfaceOrientations = UIInterfaceOrientationPortrait;
				INFOPLIST_KEY_UISupportedInterfaceOrientations_iPad = "UIInterfaceOrientationLandscapeLeft UIInterfaceOrientationLandscapeRight UIInterfaceOrientationPortrait UIInterfaceOrientationPortraitUpsideDown";
				LD_RUNPATH_SEARCH_PATHS = (
					"$(inherited)",
					"@executable_path/Frameworks",
				);
				MARKETING_VERSION = 1.0;
				PRODUCT_BUNDLE_IDENTIFIER = "com.LoganSherwin-SpencerDearman.DiveMeets";
				PRODUCT_NAME = "$(TARGET_NAME)";
				PROVISIONING_PROFILE_SPECIFIER = "";
				SWIFT_EMIT_LOC_STRINGS = YES;
				SWIFT_VERSION = 5.0;
				TARGETED_DEVICE_FAMILY = "1,2";
			};
			name = Debug;
		};
		4D74FEA329AE7B9800401178 /* Release */ = {
			isa = XCBuildConfiguration;
			buildSettings = {
				ASSETCATALOG_COMPILER_APPICON_NAME = AppIcon;
				ASSETCATALOG_COMPILER_GLOBAL_ACCENT_COLOR_NAME = AccentColor;
				CODE_SIGN_ENTITLEMENTS = DiveMeets/DiveMeets.entitlements;
				CODE_SIGN_IDENTITY = "Apple Development";
				CODE_SIGN_STYLE = Automatic;
				CURRENT_PROJECT_VERSION = 1;
				DEVELOPMENT_ASSET_PATHS = "\"DiveMeets/Preview Content\"";
				DEVELOPMENT_TEAM = UCV4CFXWW3;
				ENABLE_PREVIEWS = YES;
				GENERATE_INFOPLIST_FILE = YES;
				INFOPLIST_FILE = DiveMeets/Info.plist;
				INFOPLIST_KEY_NSFaceIDUsageDescription = "We are using Face ID to authenticate users when logging into their account, allowing for a more secure and efficient login process.";
				INFOPLIST_KEY_UIApplicationSupportsIndirectInputEvents = YES;
				INFOPLIST_KEY_UILaunchScreen_Generation = YES;
				INFOPLIST_KEY_UISupportedInterfaceOrientations = UIInterfaceOrientationPortrait;
				INFOPLIST_KEY_UISupportedInterfaceOrientations_iPad = "UIInterfaceOrientationLandscapeLeft UIInterfaceOrientationLandscapeRight UIInterfaceOrientationPortrait UIInterfaceOrientationPortraitUpsideDown";
				LD_RUNPATH_SEARCH_PATHS = (
					"$(inherited)",
					"@executable_path/Frameworks",
				);
				MARKETING_VERSION = 1.0;
				PRODUCT_BUNDLE_IDENTIFIER = "com.LoganSherwin-SpencerDearman.DiveMeets";
				PRODUCT_NAME = "$(TARGET_NAME)";
				PROVISIONING_PROFILE_SPECIFIER = "";
				SWIFT_EMIT_LOC_STRINGS = YES;
				SWIFT_VERSION = 5.0;
				TARGETED_DEVICE_FAMILY = "1,2";
			};
			name = Release;
		};
/* End XCBuildConfiguration section */

/* Begin XCConfigurationList section */
		4D74FE8E29AE7B9800401178 /* Build configuration list for PBXProject "DiveMeets" */ = {
			isa = XCConfigurationList;
			buildConfigurations = (
				4D74FE9F29AE7B9800401178 /* Debug */,
				4D74FEA029AE7B9800401178 /* Release */,
			);
			defaultConfigurationIsVisible = 0;
			defaultConfigurationName = Release;
		};
		4D74FEA129AE7B9800401178 /* Build configuration list for PBXNativeTarget "DiveMeets" */ = {
			isa = XCConfigurationList;
			buildConfigurations = (
				4D74FEA229AE7B9800401178 /* Debug */,
				4D74FEA329AE7B9800401178 /* Release */,
			);
			defaultConfigurationIsVisible = 0;
			defaultConfigurationName = Release;
		};
/* End XCConfigurationList section */

/* Begin XCRemoteSwiftPackageReference section */
		4DEF7D3429BEE796003EAD70 /* XCRemoteSwiftPackageReference "SwiftSoup" */ = {
			isa = XCRemoteSwiftPackageReference;
			repositoryURL = "https://github.com/scinfu/SwiftSoup";
			requirement = {
				kind = upToNextMajorVersion;
				minimumVersion = 2.0.0;
			};
		};
/* End XCRemoteSwiftPackageReference section */

/* Begin XCSwiftPackageProductDependency section */
		4DEF7D3529BEE796003EAD70 /* SwiftSoup */ = {
			isa = XCSwiftPackageProductDependency;
			package = 4DEF7D3429BEE796003EAD70 /* XCRemoteSwiftPackageReference "SwiftSoup" */;
			productName = SwiftSoup;
		};
/* End XCSwiftPackageProductDependency section */

/* Begin XCVersionGroup section */
		002A1B7A29DB937C00A26FED /* Meets.xcdatamodeld */ = {
			isa = XCVersionGroup;
			children = (
				002A1B7B29DB937C00A26FED /* PastMeets.xcdatamodel */,
			);
			currentVersion = 002A1B7B29DB937C00A26FED /* PastMeets.xcdatamodel */;
			path = Meets.xcdatamodeld;
			sourceTree = "<group>";
			versionGroupType = wrapper.xcdatamodel;
		};
/* End XCVersionGroup section */
	};
	rootObject = 4D74FE8B29AE7B9800401178 /* Project object */;
}
